
Microsoft Visual Studio Solution File, Format Version 12.00
# Visual Studio 15
VisualStudioVersion = 15.0.26430.16
MinimumVisualStudioVersion = 10.0.40219.1
Project("{FAE04EC0-301F-11D3-BF4B-00C04F79EFBC}") = "SignalR.Client.HubProxyObject", "SignalR.Client.HubProxyObject\SignalR.Client.HubProxyObject.csproj", "{B916CD1F-7441-4E75-9A7C-DFA6B50709DD}"
EndProject
Project("{FAE04EC0-301F-11D3-BF4B-00C04F79EFBC}") = "SignalR.Client.HubProxyObject.Demo", "SignalR.Client.HubProxyObject.Demo\SignalR.Client.HubProxyObject.Demo.csproj", "{654A9CA8-B850-4C79-85CD-74CFFA263E33}"
EndProject
Global
	GlobalSection(SolutionConfigurationPlatforms) = preSolution
		Debug|Any CPU = Debug|Any CPU
		Release|Any CPU = Release|Any CPU
	EndGlobalSection
	GlobalSection(ProjectConfigurationPlatforms) = postSolution
		{B916CD1F-7441-4E75-9A7C-DFA6B50709DD}.Debug|Any CPU.ActiveCfg = Debug|Any CPU
		{B916CD1F-7441-4E75-9A7C-DFA6B50709DD}.Debug|Any CPU.Build.0 = Debug|Any CPU
		{B916CD1F-7441-4E75-9A7C-DFA6B50709DD}.Release|Any CPU.ActiveCfg = Release|Any CPU
		{B916CD1F-7441-4E75-9A7C-DFA6B50709DD}.Release|Any CPU.Build.0 = Release|Any CPU
		{654A9CA8-B850-4C79-85CD-74CFFA263E33}.Debug|Any CPU.ActiveCfg = Debug|Any CPU
		{654A9CA8-B850-4C79-85CD-74CFFA263E33}.Debug|Any CPU.Build.0 = Debug|Any CPU
		{654A9CA8-B850-4C79-85CD-74CFFA263E33}.Release|Any CPU.ActiveCfg = Release|Any CPU
		{654A9CA8-B850-4C79-85CD-74CFFA263E33}.Release|Any CPU.Build.0 = Release|Any CPU
	EndGlobalSection
	GlobalSection(SolutionProperties) = preSolution
		HideSolutionNode = FALSE
	EndGlobalSection
EndGlobal
